
Microsoft Visual Studio Solution File, Format Version 12.00
# Visual Studio Version 17
VisualStudioVersion = 17.3.32804.467
MinimumVisualStudioVersion = 10.0.40219.1
Project("{FAE04EC0-301F-11D3-BF4B-00C04F79EFBC}") = "BeecrowdChallenges", "BeecrownChallenges\BeecrowdChallenges.csproj", "{91D6063F-5474-42BF-B6CA-087F723EE7E2}"
EndProject
Global
	GlobalSection(SolutionConfigurationPlatforms) = preSolution
		Debug|Any CPU = Debug|Any CPU
		Release|Any CPU = Release|Any CPU
	EndGlobalSection
	GlobalSection(ProjectConfigurationPlatforms) = postSolution
		{91D6063F-5474-42BF-B6CA-087F723EE7E2}.Debug|Any CPU.ActiveCfg = Debug|Any CPU
		{91D6063F-5474-42BF-B6CA-087F723EE7E2}.Debug|Any CPU.Build.0 = Debug|Any CPU
		{91D6063F-5474-42BF-B6CA-087F723EE7E2}.Release|Any CPU.ActiveCfg = Release|Any CPU
		{91D6063F-5474-42BF-B6CA-087F723EE7E2}.Release|Any CPU.Build.0 = Release|Any CPU
	EndGlobalSection
	GlobalSection(SolutionProperties) = preSolution
		HideSolutionNode = FALSE
	EndGlobalSection
	GlobalSection(ExtensibilityGlobals) = postSolution
		SolutionGuid = {8243F5F9-25DB-4693-9E85-B9FEB2D5EC97}
	EndGlobalSection
EndGlobal
