


Microsoft Visual Studio Solution File, Format Version 12.00
# Visual Studio Version 17
VisualStudioVersion = 17.5.002.0
MinimumVisualStudioVersion = 10.0.40219.1
Project("{9A19103F-16F7-4668-BE54-9A1E7A4F7556}") = "BeecrowdChallenges", "BeecrowdChallenges.csproj", "{23E8335C-F359-4927-83ED-6AD8A1BFFD6E}"
EndProject
Global
	GlobalSection(SolutionConfigurationPlatforms) = preSolution
		Debug|Any CPU = Debug|Any CPU
		Release|Any CPU = Release|Any CPU
	EndGlobalSection
	GlobalSection(ProjectConfigurationPlatforms) = postSolution
		{23E8335C-F359-4927-83ED-6AD8A1BFFD6E}.Debug|Any CPU.ActiveCfg = Debug|Any CPU
		{23E8335C-F359-4927-83ED-6AD8A1BFFD6E}.Debug|Any CPU.Build.0 = Debug|Any CPU
		{23E8335C-F359-4927-83ED-6AD8A1BFFD6E}.Release|Any CPU.ActiveCfg = Release|Any CPU
		{23E8335C-F359-4927-83ED-6AD8A1BFFD6E}.Release|Any CPU.Build.0 = Release|Any CPU
	EndGlobalSection
	GlobalSection(SolutionProperties) = preSolution
		HideSolutionNode = FALSE
	EndGlobalSection
	GlobalSection(ExtensibilityGlobals) = postSolution
		SolutionGuid = {7FAB01C3-8EA7-4308-86C8-559B72E8772C}
	EndGlobalSection
EndGlobal
